
Microsoft Visual Studio Solution File, Format Version 12.00
# Visual Studio Version 16
VisualStudioVersion = 16.0.29001.49
MinimumVisualStudioVersion = 10.0.40219.1
Project("{FAE04EC0-301F-11D3-BF4B-00C04F79EFBC}") = "AfishA", "AfishA.csproj", "{130DBB85-A27D-44AA-A1AB-9391CB1720F1}"
EndProject
Global
	GlobalSection(SolutionConfigurationPlatforms) = preSolution
		Debug|Any CPU = Debug|Any CPU
		Release|Any CPU = Release|Any CPU
	EndGlobalSection
	GlobalSection(ProjectConfigurationPlatforms) = postSolution
		{130DBB85-A27D-44AA-A1AB-9391CB1720F1}.Debug|Any CPU.ActiveCfg = Debug|Any CPU
		{130DBB85-A27D-44AA-A1AB-9391CB1720F1}.Debug|Any CPU.Build.0 = Debug|Any CPU
		{130DBB85-A27D-44AA-A1AB-9391CB1720F1}.Release|Any CPU.ActiveCfg = Release|Any CPU
		{130DBB85-A27D-44AA-A1AB-9391CB1720F1}.Release|Any CPU.Build.0 = Release|Any CPU
	EndGlobalSection
	GlobalSection(SolutionProperties) = preSolution
		HideSolutionNode = FALSE
	EndGlobalSection
	GlobalSection(ExtensibilityGlobals) = postSolution
		SolutionGuid = {8CC6199F-963A-41E9-BF75-1C7E40E333FF}
	EndGlobalSection
EndGlobal
